
Microsoft Visual Studio Solution File, Format Version 12.00
# Visual Studio Version 16
VisualStudioVersion = 16.0.29424.173
MinimumVisualStudioVersion = 10.0.40219.1
Project("{FAE04EC0-301F-11D3-BF4B-00C04F79EFBC}") = "LeetCodeJewelsAndStones", "LeetCodeJewelsAndStones.csproj", "{5DB76109-1F50-438D-9979-DD705F714E3D}"
EndProject
Global
	GlobalSection(SolutionConfigurationPlatforms) = preSolution
		Debug|Any CPU = Debug|Any CPU
		Release|Any CPU = Release|Any CPU
	EndGlobalSection
	GlobalSection(ProjectConfigurationPlatforms) = postSolution
		{5DB76109-1F50-438D-9979-DD705F714E3D}.Debug|Any CPU.ActiveCfg = Debug|Any CPU
		{5DB76109-1F50-438D-9979-DD705F714E3D}.Debug|Any CPU.Build.0 = Debug|Any CPU
		{5DB76109-1F50-438D-9979-DD705F714E3D}.Release|Any CPU.ActiveCfg = Release|Any CPU
		{5DB76109-1F50-438D-9979-DD705F714E3D}.Release|Any CPU.Build.0 = Release|Any CPU
	EndGlobalSection
	GlobalSection(SolutionProperties) = preSolution
		HideSolutionNode = FALSE
	EndGlobalSection
	GlobalSection(ExtensibilityGlobals) = postSolution
		SolutionGuid = {568CF761-3F40-4478-AFE2-4BD427D709CC}
	EndGlobalSection
EndGlobal
